DEPENDENCIES
  cmake
    git: https://github.com/FIDATA/cookbook-cmake.git
    revision: 281003863365a0a95c4e56c4aadd5bc26bbf140e
    branch: develop
  fidata-build-toolset
    path: cookbooks/fidata-build-toolset
  fidata-jenkins-master
    path: site-cookbooks/fidata-jenkins-master
  fidata-jenkins-slave
    path: site-cookbooks/fidata-jenkins-slave
  texlive
    git: https://github.com/FIDATA/cookbook-texlive.git
    revision: 8643b9850db708ed31f0e3cb4c6a543cbffa68c4
    branch: develop

GRAPH
  apache2 (5.0.1)
  apt (7.0.0)
  ark (3.1.0)
    build-essential (>= 0.0.0)
    seven_zip (>= 0.0.0)
    windows (>= 0.0.0)
  build-essential (8.1.1)
    mingw (>= 1.1)
    seven_zip (>= 0.0.0)
  cmake (0.4.0)
    windows (>= 0.0.0)
  dmg (4.1.1)
  dpkg_autostart (0.2.0)
  fidata-build-toolset (2.0.0)
    cmake (~> 0.4)
    git (~> 9.0)
    imagemagick (~> 0.2)
    java (~> 1.50)
    nodejs (~> 5.0)
    pandoc (~> 1.0)
    perl (~> 6.0)
    poise-python (~> 1.6)
    poise-ruby (~> 2.3)
    texlive (~> 0.2)
  fidata-jenkins-master (3.0.0)
    apache2 (~> 5.0)
    git (~> 9.0)
    java (~> 1.50)
    jenkins (~> 6.0)
    octokit (~> 0.1)
    ssh (~> 0.10)
  fidata-jenkins-slave (1.1.1)
    fidata-build-toolset (>= 0.0.0)
  git (9.0.0)
    build-essential (>= 5.0.0)
  homebrew (5.0.4)
  imagemagick (0.2.3)
  java (1.50.0)
    apt (>= 0.0.0)
    homebrew (>= 0.0.0)
    windows (>= 0.0.0)
  jenkins (6.0.0)
    dpkg_autostart (>= 0.0.0)
    runit (>= 1.7)
  mingw (2.0.2)
    seven_zip (>= 0.0.0)
  nodejs (5.0.0)
    ark (>= 2.0.2)
    build-essential (>= 0.0.0)
  octokit (0.1.0)
  packagecloud (1.0.0)
  pandoc (1.0.0)
    dmg (>= 0.0.0)
    homebrew (>= 0.0.0)
    windows (>= 0.0.0)
  perl (6.0.1)
    windows (>= 3.0)
  poise (2.8.1)
  poise-archive (1.5.0)
    poise (~> 2.6)
  poise-languages (2.1.2)
    poise (~> 2.5)
    poise-archive (~> 1.0)
  poise-python (1.7.0)
    poise (~> 2.7)
    poise-languages (~> 2.0)
  poise-ruby (2.4.0)
    poise (~> 2.0)
    poise-languages (~> 2.0)
  runit (4.1.0)
    packagecloud (>= 0.0.0)
    yum-epel (>= 0.0.0)
  seven_zip (2.0.2)
    windows (>= 1.2.2)
  ssh (0.10.24)
  texlive (0.2.1)
  windows (4.2.1)
  yum-epel (3.1.0)
