DEPENDENCIES
  cmake
    git: https://github.com/FIDATA/cookbook-cmake.git
    revision: 281003863365a0a95c4e56c4aadd5bc26bbf140e
    branch: develop
  fidata-build-toolkit
    path: cookbooks/fidata-build-toolkit
  fidata-jenkins-master
    path: site-cookbooks/fidata-jenkins-master
  fidata-jenkins-slave
    path: site-cookbooks/fidata-jenkins-slave
  texlive
    git: https://github.com/FIDATA/cookbook-texlive.git
    revision: 8643b9850db708ed31f0e3cb4c6a543cbffa68c4
    branch: develop

GRAPH
  apache2 (5.0.1)
  apt (6.1.4)
  ark (3.1.0)
    build-essential (>= 0.0.0)
    seven_zip (>= 0.0.0)
    windows (>= 0.0.0)
  build-essential (8.0.3)
    mingw (>= 1.1)
    seven_zip (>= 0.0.0)
  cmake (0.4.0)
    windows (>= 0.0.0)
  compat_resource (12.19.0)
  dmg (4.0.0)
  dpkg_autostart (0.2.0)
  fidata-build-toolkit (1.2.0)
    cmake (~> 0.4)
    git (~> 8.0)
    imagemagick (~> 0.2)
    java (~> 1.50)
    nodejs (~> 4.0)
    pandoc (~> 1.0)
    perl (~> 5.2)
    poise-python (~> 1.6)
    poise-ruby (~> 2.3)
    texlive (~> 0.2)
  fidata-jenkins-master (1.4.0)
    apache2 (~> 5.0)
    git (~> 8.0)
    java (~> 1.50)
    jenkins (~> 5.0)
    octokit (~> 0.1)
    ssh (~> 0.10)
  fidata-jenkins-slave (1.1.1)
    fidata-build-toolkit (>= 0.0.0)
  git (8.0.0)
    build-essential (>= 0.0.0)
    homebrew (>= 0.0.0)
  homebrew (4.2.0)
  imagemagick (0.2.3)
  java (1.50.0)
    apt (>= 0.0.0)
    homebrew (>= 0.0.0)
    windows (>= 0.0.0)
  jenkins (5.0.4)
    compat_resource (>= 12.16.3)
    dpkg_autostart (>= 0.0.0)
    runit (>= 1.7)
  mingw (2.0.1)
    seven_zip (>= 0.0.0)
  nodejs (4.0.0)
    ark (>= 2.0.2)
    build-essential (>= 0.0.0)
    compat_resource (>= 12.16)
  octokit (0.1.0)
  ohai (5.2.0)
  packagecloud (0.3.0)
  pandoc (1.0.0)
    dmg (>= 0.0.0)
    homebrew (>= 0.0.0)
    windows (>= 0.0.0)
  perl (5.2.1)
    windows (>= 3.0)
  poise (2.8.1)
  poise-archive (1.5.0)
    poise (~> 2.6)
  poise-languages (2.1.1)
    poise (~> 2.5)
    poise-archive (~> 1.0)
  poise-python (1.6.0)
    poise (~> 2.7)
    poise-languages (~> 2.0)
  poise-ruby (2.3.0)
    poise (~> 2.0)
    poise-languages (~> 2.0)
  runit (3.0.5)
    packagecloud (>= 0.0.0)
    yum-epel (>= 0.0.0)
  seven_zip (2.0.2)
    windows (>= 1.2.2)
  ssh (0.10.22)
  texlive (0.2.1)
  windows (3.3.0)
    ohai (>= 4.0.0)
  yum-epel (2.1.2)
    compat_resource (>= 12.16.3)
